// !$*UTF8*$!
{
	archiveVersion = 1;
	classes = {
	};
	objectVersion = 56;
	objects = {

/* Begin PBXBuildFile section */
		A944DAB72BC97FF200950D6A /* TextFieldCustomView.swift in Sources */ = {isa = PBXBuildFile; fileRef = A944DAB62BC97FF200950D6A /* TextFieldCustomView.swift */; };
		A951A3AB2BC9854C0085B999 /* ButtonCustomView.swift in Sources */ = {isa = PBXBuildFile; fileRef = A951A3AA2BC9854C0085B999 /* ButtonCustomView.swift */; };
		A951A3AD2BC986790085B999 /* TextFieldCustomStyle.swift in Sources */ = {isa = PBXBuildFile; fileRef = A951A3AC2BC986790085B999 /* TextFieldCustomStyle.swift */; };
		A951A3AF2BC986860085B999 /* ButtonCustomStyle.swift in Sources */ = {isa = PBXBuildFile; fileRef = A951A3AE2BC986860085B999 /* ButtonCustomStyle.swift */; };
		A951A3B12BC990FA0085B999 /* ExstentionColor.swift in Sources */ = {isa = PBXBuildFile; fileRef = A951A3B02BC990FA0085B999 /* ExstentionColor.swift */; };
		A951A3B32BCC3CDF0085B999 /* GoogleService-Info.plist in Resources */ = {isa = PBXBuildFile; fileRef = A951A3B22BCC3CDF0085B999 /* GoogleService-Info.plist */; };
		A951A3B62BCC3E9D0085B999 /* FirebaseAuth in Frameworks */ = {isa = PBXBuildFile; productRef = A951A3B52BCC3E9D0085B999 /* FirebaseAuth */; };
		A951A3B82BCC3E9D0085B999 /* FirebaseFirestore in Frameworks */ = {isa = PBXBuildFile; productRef = A951A3B72BCC3E9D0085B999 /* FirebaseFirestore */; };
		A951A3BA2BCC3E9D0085B999 /* FirebaseStorage in Frameworks */ = {isa = PBXBuildFile; productRef = A951A3B92BCC3E9D0085B999 /* FirebaseStorage */; };
		A951A3BD2BCC41F30085B999 /* AuthService.swift in Sources */ = {isa = PBXBuildFile; fileRef = A951A3BC2BCC41F30085B999 /* AuthService.swift */; };
		A965117A2BC016FD00D3690B /* SamaraGuideApp.swift in Sources */ = {isa = PBXBuildFile; fileRef = A96511792BC016FD00D3690B /* SamaraGuideApp.swift */; };
		A965117C2BC016FD00D3690B /* ContentView.swift in Sources */ = {isa = PBXBuildFile; fileRef = A965117B2BC016FD00D3690B /* ContentView.swift */; };
		A96511802BC016FE00D3690B /* Assets.xcassets in Resources */ = {isa = PBXBuildFile; fileRef = A965117F2BC016FE00D3690B /* Assets.xcassets */; };
		A965118D2BC016FE00D3690B /* SamaraGuideTests.swift in Sources */ = {isa = PBXBuildFile; fileRef = A965118C2BC016FE00D3690B /* SamaraGuideTests.swift */; };
		A96511972BC016FF00D3690B /* SamaraGuideUITests.swift in Sources */ = {isa = PBXBuildFile; fileRef = A96511962BC016FF00D3690B /* SamaraGuideUITests.swift */; };
		A96511992BC016FF00D3690B /* SamaraGuideUITestsLaunchTests.swift in Sources */ = {isa = PBXBuildFile; fileRef = A96511982BC016FF00D3690B /* SamaraGuideUITestsLaunchTests.swift */; };
		A9D929902BC802400084293C /* Location.swift in Sources */ = {isa = PBXBuildFile; fileRef = A9D9298F2BC802400084293C /* Location.swift */; };
		A9D929952BC805760084293C /* MapView.swift in Sources */ = {isa = PBXBuildFile; fileRef = A9D929942BC805760084293C /* MapView.swift */; };
		A9D929982BC8065E0084293C /* LocationDataService.swift in Sources */ = {isa = PBXBuildFile; fileRef = A9D929972BC8065E0084293C /* LocationDataService.swift */; };
		A9D9299B2BC809380084293C /* MapViewModel.swift in Sources */ = {isa = PBXBuildFile; fileRef = A9D9299A2BC809380084293C /* MapViewModel.swift */; };
		A9D9299D2BC825730084293C /* HomeView.swift in Sources */ = {isa = PBXBuildFile; fileRef = A9D9299C2BC825730084293C /* HomeView.swift */; };
		A9D929A02BC8322A0084293C /* SignInView.swift in Sources */ = {isa = PBXBuildFile; fileRef = A9D9299F2BC8322A0084293C /* SignInView.swift */; };
		A9D929A22BC832320084293C /* SignUpView.swift in Sources */ = {isa = PBXBuildFile; fileRef = A9D929A12BC832320084293C /* SignUpView.swift */; };
		A9D929B02BC928260084293C /* ColorAssets.xcassets in Resources */ = {isa = PBXBuildFile; fileRef = A9D929AF2BC928260084293C /* ColorAssets.xcassets */; };
/* End PBXBuildFile section */

/* Begin PBXContainerItemProxy section */
		A96511892BC016FE00D3690B /* PBXContainerItemProxy */ = {
			isa = PBXContainerItemProxy;
			containerPortal = A965116E2BC016FD00D3690B /* Project object */;
			proxyType = 1;
			remoteGlobalIDString = A96511752BC016FD00D3690B;
			remoteInfo = SamaraGuide;
		};
		A96511932BC016FF00D3690B /* PBXContainerItemProxy */ = {
			isa = PBXContainerItemProxy;
			containerPortal = A965116E2BC016FD00D3690B /* Project object */;
			proxyType = 1;
			remoteGlobalIDString = A96511752BC016FD00D3690B;
			remoteInfo = SamaraGuide;
		};
/* End PBXContainerItemProxy section */

/* Begin PBXFileReference section */
		A944DAB62BC97FF200950D6A /* TextFieldCustomView.swift */ = {isa = PBXFileReference; lastKnownFileType = sourcecode.swift; path = TextFieldCustomView.swift; sourceTree = "<group>"; };
		A951A3AA2BC9854C0085B999 /* ButtonCustomView.swift */ = {isa = PBXFileReference; lastKnownFileType = sourcecode.swift; path = ButtonCustomView.swift; sourceTree = "<group>"; };
		A951A3AC2BC986790085B999 /* TextFieldCustomStyle.swift */ = {isa = PBXFileReference; lastKnownFileType = sourcecode.swift; path = TextFieldCustomStyle.swift; sourceTree = "<group>"; };
		A951A3AE2BC986860085B999 /* ButtonCustomStyle.swift */ = {isa = PBXFileReference; lastKnownFileType = sourcecode.swift; path = ButtonCustomStyle.swift; sourceTree = "<group>"; };
		A951A3B02BC990FA0085B999 /* ExstentionColor.swift */ = {isa = PBXFileReference; lastKnownFileType = sourcecode.swift; path = ExstentionColor.swift; sourceTree = "<group>"; };
		A951A3B22BCC3CDF0085B999 /* GoogleService-Info.plist */ = {isa = PBXFileReference; fileEncoding = 4; lastKnownFileType = text.plist.xml; path = "GoogleService-Info.plist"; sourceTree = "<group>"; };
		A951A3BC2BCC41F30085B999 /* AuthService.swift */ = {isa = PBXFileReference; lastKnownFileType = sourcecode.swift; path = AuthService.swift; sourceTree = "<group>"; };
		A96511762BC016FD00D3690B /* SamaraGuide.app */ = {isa = PBXFileReference; explicitFileType = wrapper.application; includeInIndex = 0; path = SamaraGuide.app; sourceTree = BUILT_PRODUCTS_DIR; };
		A96511792BC016FD00D3690B /* SamaraGuideApp.swift */ = {isa = PBXFileReference; lastKnownFileType = sourcecode.swift; path = SamaraGuideApp.swift; sourceTree = "<group>"; };
		A965117B2BC016FD00D3690B /* ContentView.swift */ = {isa = PBXFileReference; lastKnownFileType = sourcecode.swift; path = ContentView.swift; sourceTree = "<group>"; };
		A965117F2BC016FE00D3690B /* Assets.xcassets */ = {isa = PBXFileReference; lastKnownFileType = folder.assetcatalog; path = Assets.xcassets; sourceTree = "<group>"; };
		A96511882BC016FE00D3690B /* SamaraGuideTests.xctest */ = {isa = PBXFileReference; explicitFileType = wrapper.cfbundle; includeInIndex = 0; path = SamaraGuideTests.xctest; sourceTree = BUILT_PRODUCTS_DIR; };
		A965118C2BC016FE00D3690B /* SamaraGuideTests.swift */ = {isa = PBXFileReference; lastKnownFileType = sourcecode.swift; path = SamaraGuideTests.swift; sourceTree = "<group>"; };
		A96511922BC016FF00D3690B /* SamaraGuideUITests.xctest */ = {isa = PBXFileReference; explicitFileType = wrapper.cfbundle; includeInIndex = 0; path = SamaraGuideUITests.xctest; sourceTree = BUILT_PRODUCTS_DIR; };
		A96511962BC016FF00D3690B /* SamaraGuideUITests.swift */ = {isa = PBXFileReference; lastKnownFileType = sourcecode.swift; path = SamaraGuideUITests.swift; sourceTree = "<group>"; };
		A96511982BC016FF00D3690B /* SamaraGuideUITestsLaunchTests.swift */ = {isa = PBXFileReference; lastKnownFileType = sourcecode.swift; path = SamaraGuideUITestsLaunchTests.swift; sourceTree = "<group>"; };
		A9D9298F2BC802400084293C /* Location.swift */ = {isa = PBXFileReference; lastKnownFileType = sourcecode.swift; path = Location.swift; sourceTree = "<group>"; };
		A9D929942BC805760084293C /* MapView.swift */ = {isa = PBXFileReference; lastKnownFileType = sourcecode.swift; path = MapView.swift; sourceTree = "<group>"; };
		A9D929972BC8065E0084293C /* LocationDataService.swift */ = {isa = PBXFileReference; lastKnownFileType = sourcecode.swift; path = LocationDataService.swift; sourceTree = "<group>"; };
		A9D9299A2BC809380084293C /* MapViewModel.swift */ = {isa = PBXFileReference; lastKnownFileType = sourcecode.swift; path = MapViewModel.swift; sourceTree = "<group>"; };
		A9D9299C2BC825730084293C /* HomeView.swift */ = {isa = PBXFileReference; lastKnownFileType = sourcecode.swift; path = HomeView.swift; sourceTree = "<group>"; };
		A9D9299F2BC8322A0084293C /* SignInView.swift */ = {isa = PBXFileReference; lastKnownFileType = sourcecode.swift; path = SignInView.swift; sourceTree = "<group>"; };
		A9D929A12BC832320084293C /* SignUpView.swift */ = {isa = PBXFileReference; lastKnownFileType = sourcecode.swift; path = SignUpView.swift; sourceTree = "<group>"; };
		A9D929AF2BC928260084293C /* ColorAssets.xcassets */ = {isa = PBXFileReference; lastKnownFileType = folder.assetcatalog; path = ColorAssets.xcassets; sourceTree = "<group>"; };
/* End PBXFileReference section */

/* Begin PBXFrameworksBuildPhase section */
		A96511732BC016FD00D3690B /* Frameworks */ = {
			isa = PBXFrameworksBuildPhase;
			buildActionMask = 2147483647;
			files = (
				A951A3B62BCC3E9D0085B999 /* FirebaseAuth in Frameworks */,
				A951A3B82BCC3E9D0085B999 /* FirebaseFirestore in Frameworks */,
				A951A3BA2BCC3E9D0085B999 /* FirebaseStorage in Frameworks */,
			);
			runOnlyForDeploymentPostprocessing = 0;
		};
		A96511852BC016FE00D3690B /* Frameworks */ = {
			isa = PBXFrameworksBuildPhase;
			buildActionMask = 2147483647;
			files = (
			);
			runOnlyForDeploymentPostprocessing = 0;
		};
		A965118F2BC016FF00D3690B /* Frameworks */ = {
			isa = PBXFrameworksBuildPhase;
			buildActionMask = 2147483647;
			files = (
			);
			runOnlyForDeploymentPostprocessing = 0;
		};
/* End PBXFrameworksBuildPhase section */

/* Begin PBXGroup section */
		A951A3BB2BCC41E60085B999 /* Services */ = {
			isa = PBXGroup;
			children = (
				A951A3BC2BCC41F30085B999 /* AuthService.swift */,
			);
			path = Services;
			sourceTree = "<group>";
		};
		A965116D2BC016FD00D3690B = {
			isa = PBXGroup;
			children = (
				A96511782BC016FD00D3690B /* SamaraGuide */,
				A965118B2BC016FE00D3690B /* SamaraGuideTests */,
				A96511952BC016FF00D3690B /* SamaraGuideUITests */,
				A96511772BC016FD00D3690B /* Products */,
			);
			sourceTree = "<group>";
		};
		A96511772BC016FD00D3690B /* Products */ = {
			isa = PBXGroup;
			children = (
				A96511762BC016FD00D3690B /* SamaraGuide.app */,
				A96511882BC016FE00D3690B /* SamaraGuideTests.xctest */,
				A96511922BC016FF00D3690B /* SamaraGuideUITests.xctest */,
			);
			name = Products;
			sourceTree = "<group>";
		};
		A96511782BC016FD00D3690B /* SamaraGuide */ = {
			isa = PBXGroup;
			children = (
				A951A3BB2BCC41E60085B999 /* Services */,
				A96511792BC016FD00D3690B /* SamaraGuideApp.swift */,
				A9D929A32BC841460084293C /* Styles */,
				A9D9298E2BC801830084293C /* DataService */,
				A9D929892BC801090084293C /* View */,
				A9D9298C2BC801710084293C /* ViewModel */,
				A9D9298B2BC8016B0084293C /* Model */,
				A965117B2BC016FD00D3690B /* ContentView.swift */,
				A965117F2BC016FE00D3690B /* Assets.xcassets */,
				A951A3B22BCC3CDF0085B999 /* GoogleService-Info.plist */,
				A9D929AF2BC928260084293C /* ColorAssets.xcassets */,
			);
			path = SamaraGuide;
			sourceTree = "<group>";
		};
		A965118B2BC016FE00D3690B /* SamaraGuideTests */ = {
			isa = PBXGroup;
			children = (
				A965118C2BC016FE00D3690B /* SamaraGuideTests.swift */,
			);
			path = SamaraGuideTests;
			sourceTree = "<group>";
		};
		A96511952BC016FF00D3690B /* SamaraGuideUITests */ = {
			isa = PBXGroup;
			children = (
				A96511962BC016FF00D3690B /* SamaraGuideUITests.swift */,
				A96511982BC016FF00D3690B /* SamaraGuideUITestsLaunchTests.swift */,
			);
			path = SamaraGuideUITests;
			sourceTree = "<group>";
		};
		A9D929892BC801090084293C /* View */ = {
			isa = PBXGroup;
			children = (
				A9D9299F2BC8322A0084293C /* SignInView.swift */,
				A9D929A12BC832320084293C /* SignUpView.swift */,
				A9D929942BC805760084293C /* MapView.swift */,
				A9D9299C2BC825730084293C /* HomeView.swift */,
				A9D929AA2BC85C620084293C /* Components */,
			);
			path = View;
			sourceTree = "<group>";
		};
		A9D9298B2BC8016B0084293C /* Model */ = {
			isa = PBXGroup;
			children = (
				A9D9298F2BC802400084293C /* Location.swift */,
			);
			path = Model;
			sourceTree = "<group>";
		};
		A9D9298C2BC801710084293C /* ViewModel */ = {
			isa = PBXGroup;
			children = (
				A9D929962BC805850084293C /* Map */,
			);
			path = ViewModel;
			sourceTree = "<group>";
		};
		A9D9298E2BC801830084293C /* DataService */ = {
			isa = PBXGroup;
			children = (
				A9D929972BC8065E0084293C /* LocationDataService.swift */,
			);
			path = DataService;
			sourceTree = "<group>";
		};
		A9D929962BC805850084293C /* Map */ = {
			isa = PBXGroup;
			children = (
				A9D9299A2BC809380084293C /* MapViewModel.swift */,
			);
			path = Map;
			sourceTree = "<group>";
		};
		A9D929A32BC841460084293C /* Styles */ = {
			isa = PBXGroup;
			children = (
				A951A3AC2BC986790085B999 /* TextFieldCustomStyle.swift */,
				A951A3AE2BC986860085B999 /* ButtonCustomStyle.swift */,
				A951A3B02BC990FA0085B999 /* ExstentionColor.swift */,
			);
			path = Styles;
			sourceTree = "<group>";
		};
		A9D929AA2BC85C620084293C /* Components */ = {
			isa = PBXGroup;
			children = (
				A944DAB62BC97FF200950D6A /* TextFieldCustomView.swift */,
				A951A3AA2BC9854C0085B999 /* ButtonCustomView.swift */,
			);
			path = Components;
			sourceTree = "<group>";
		};
/* End PBXGroup section */

/* Begin PBXNativeTarget section */
		A96511752BC016FD00D3690B /* SamaraGuide */ = {
			isa = PBXNativeTarget;
			buildConfigurationList = A965119C2BC016FF00D3690B /* Build configuration list for PBXNativeTarget "SamaraGuide" */;
			buildPhases = (
				A96511722BC016FD00D3690B /* Sources */,
				A96511732BC016FD00D3690B /* Frameworks */,
				A96511742BC016FD00D3690B /* Resources */,
			);
			buildRules = (
			);
			dependencies = (
			);
			name = SamaraGuide;
			packageProductDependencies = (
				A951A3B52BCC3E9D0085B999 /* FirebaseAuth */,
				A951A3B72BCC3E9D0085B999 /* FirebaseFirestore */,
				A951A3B92BCC3E9D0085B999 /* FirebaseStorage */,
			);
			productName = SamaraGuide;
			productReference = A96511762BC016FD00D3690B /* SamaraGuide.app */;
			productType = "com.apple.product-type.application";
		};
		A96511872BC016FE00D3690B /* SamaraGuideTests */ = {
			isa = PBXNativeTarget;
			buildConfigurationList = A965119F2BC016FF00D3690B /* Build configuration list for PBXNativeTarget "SamaraGuideTests" */;
			buildPhases = (
				A96511842BC016FE00D3690B /* Sources */,
				A96511852BC016FE00D3690B /* Frameworks */,
				A96511862BC016FE00D3690B /* Resources */,
			);
			buildRules = (
			);
			dependencies = (
				A965118A2BC016FE00D3690B /* PBXTargetDependency */,
			);
			name = SamaraGuideTests;
			productName = SamaraGuideTests;
			productReference = A96511882BC016FE00D3690B /* SamaraGuideTests.xctest */;
			productType = "com.apple.product-type.bundle.unit-test";
		};
		A96511912BC016FF00D3690B /* SamaraGuideUITests */ = {
			isa = PBXNativeTarget;
			buildConfigurationList = A96511A22BC016FF00D3690B /* Build configuration list for PBXNativeTarget "SamaraGuideUITests" */;
			buildPhases = (
				A965118E2BC016FF00D3690B /* Sources */,
				A965118F2BC016FF00D3690B /* Frameworks */,
				A96511902BC016FF00D3690B /* Resources */,
			);
			buildRules = (
			);
			dependencies = (
				A96511942BC016FF00D3690B /* PBXTargetDependency */,
			);
			name = SamaraGuideUITests;
			productName = SamaraGuideUITests;
			productReference = A96511922BC016FF00D3690B /* SamaraGuideUITests.xctest */;
			productType = "com.apple.product-type.bundle.ui-testing";
		};
/* End PBXNativeTarget section */

/* Begin PBXProject section */
		A965116E2BC016FD00D3690B /* Project object */ = {
			isa = PBXProject;
			attributes = {
				BuildIndependentTargetsInParallel = 1;
				LastSwiftUpdateCheck = 1530;
				LastUpgradeCheck = 1530;
				TargetAttributes = {
					A96511752BC016FD00D3690B = {
						CreatedOnToolsVersion = 15.3;
					};
					A96511872BC016FE00D3690B = {
						CreatedOnToolsVersion = 15.3;
						TestTargetID = A96511752BC016FD00D3690B;
					};
					A96511912BC016FF00D3690B = {
						CreatedOnToolsVersion = 15.3;
						TestTargetID = A96511752BC016FD00D3690B;
					};
				};
			};
			buildConfigurationList = A96511712BC016FD00D3690B /* Build configuration list for PBXProject "SamaraGuide" */;
			compatibilityVersion = "Xcode 14.0";
			developmentRegion = en;
			hasScannedForEncodings = 0;
			knownRegions = (
				en,
				Base,
			);
			mainGroup = A965116D2BC016FD00D3690B;
			packageReferences = (
				A951A3B42BCC3E9D0085B999 /* XCRemoteSwiftPackageReference "firebase-ios-sdk" */,
			);
			productRefGroup = A96511772BC016FD00D3690B /* Products */;
			projectDirPath = "";
			projectRoot = "";
			targets = (
				A96511752BC016FD00D3690B /* SamaraGuide */,
				A96511872BC016FE00D3690B /* SamaraGuideTests */,
				A96511912BC016FF00D3690B /* SamaraGuideUITests */,
			);
		};
/* End PBXProject section */

/* Begin PBXResourcesBuildPhase section */
		A96511742BC016FD00D3690B /* Resources */ = {
			isa = PBXResourcesBuildPhase;
			buildActionMask = 2147483647;
			files = (
				A951A3B32BCC3CDF0085B999 /* GoogleService-Info.plist in Resources */,
				A9D929B02BC928260084293C /* ColorAssets.xcassets in Resources */,
				A96511802BC016FE00D3690B /* Assets.xcassets in Resources */,
			);
			runOnlyForDeploymentPostprocessing = 0;
		};
		A96511862BC016FE00D3690B /* Resources */ = {
			isa = PBXResourcesBuildPhase;
			buildActionMask = 2147483647;
			files = (
			);
			runOnlyForDeploymentPostprocessing = 0;
		};
		A96511902BC016FF00D3690B /* Resources */ = {
			isa = PBXResourcesBuildPhase;
			buildActionMask = 2147483647;
			files = (
			);
			runOnlyForDeploymentPostprocessing = 0;
		};
/* End PBXResourcesBuildPhase section */

/* Begin PBXSourcesBuildPhase section */
		A96511722BC016FD00D3690B /* Sources */ = {
			isa = PBXSourcesBuildPhase;
			buildActionMask = 2147483647;
			files = (
				A951A3B12BC990FA0085B999 /* ExstentionColor.swift in Sources */,
				A951A3AD2BC986790085B999 /* TextFieldCustomStyle.swift in Sources */,
				A9D929982BC8065E0084293C /* LocationDataService.swift in Sources */,
				A951A3AB2BC9854C0085B999 /* ButtonCustomView.swift in Sources */,
				A9D9299D2BC825730084293C /* HomeView.swift in Sources */,
				A965117C2BC016FD00D3690B /* ContentView.swift in Sources */,
				A944DAB72BC97FF200950D6A /* TextFieldCustomView.swift in Sources */,
				A9D929952BC805760084293C /* MapView.swift in Sources */,
				A951A3AF2BC986860085B999 /* ButtonCustomStyle.swift in Sources */,
				A9D929902BC802400084293C /* Location.swift in Sources */,
				A965117A2BC016FD00D3690B /* SamaraGuideApp.swift in Sources */,
				A9D929A02BC8322A0084293C /* SignInView.swift in Sources */,
				A951A3BD2BCC41F30085B999 /* AuthService.swift in Sources */,
				A9D929A22BC832320084293C /* SignUpView.swift in Sources */,
				A9D9299B2BC809380084293C /* MapViewModel.swift in Sources */,
			);
			runOnlyForDeploymentPostprocessing = 0;
		};
		A96511842BC016FE00D3690B /* Sources */ = {
			isa = PBXSourcesBuildPhase;
			buildActionMask = 2147483647;
			files = (
				A965118D2BC016FE00D3690B /* SamaraGuideTests.swift in Sources */,
			);
			runOnlyForDeploymentPostprocessing = 0;
		};
		A965118E2BC016FF00D3690B /* Sources */ = {
			isa = PBXSourcesBuildPhase;
			buildActionMask = 2147483647;
			files = (
				A96511992BC016FF00D3690B /* SamaraGuideUITestsLaunchTests.swift in Sources */,
				A96511972BC016FF00D3690B /* SamaraGuideUITests.swift in Sources */,
			);
			runOnlyForDeploymentPostprocessing = 0;
		};
/* End PBXSourcesBuildPhase section */

/* Begin PBXTargetDependency section */
		A965118A2BC016FE00D3690B /* PBXTargetDependency */ = {
			isa = PBXTargetDependency;
			target = A96511752BC016FD00D3690B /* SamaraGuide */;
			targetProxy = A96511892BC016FE00D3690B /* PBXContainerItemProxy */;
		};
		A96511942BC016FF00D3690B /* PBXTargetDependency */ = {
			isa = PBXTargetDependency;
			target = A96511752BC016FD00D3690B /* SamaraGuide */;
			targetProxy = A96511932BC016FF00D3690B /* PBXContainerItemProxy */;
		};
/* End PBXTargetDependency section */

/* Begin XCBuildConfiguration section */
		A965119A2BC016FF00D3690B /* Debug */ = {
			isa = XCBuildConfiguration;
			buildSettings = {
				ALWAYS_SEARCH_USER_PATHS = NO;
				ASSETCATALOG_COMPILER_GENERATE_SWIFT_ASSET_SYMBOL_EXTENSIONS = YES;
				CLANG_ANALYZER_NONNULL = YES;
				CLANG_ANALYZER_NUMBER_OBJECT_CONVERSION = YES_AGGRESSIVE;
				CLANG_CXX_LANGUAGE_STANDARD = "gnu++20";
				CLANG_ENABLE_MODULES = YES;
				CLANG_ENABLE_OBJC_ARC = YES;
				CLANG_ENABLE_OBJC_WEAK = YES;
				CLANG_WARN_BLOCK_CAPTURE_AUTORELEASING = YES;
				CLANG_WARN_BOOL_CONVERSION = YES;
				CLANG_WARN_COMMA = YES;
				CLANG_WARN_CONSTANT_CONVERSION = YES;
				CLANG_WARN_DEPRECATED_OBJC_IMPLEMENTATIONS = YES;
				CLANG_WARN_DIRECT_OBJC_ISA_USAGE = YES_ERROR;
				CLANG_WARN_DOCUMENTATION_COMMENTS = YES;
				CLANG_WARN_EMPTY_BODY = YES;
				CLANG_WARN_ENUM_CONVERSION = YES;
				CLANG_WARN_INFINITE_RECURSION = YES;
				CLANG_WARN_INT_CONVERSION = YES;
				CLANG_WARN_NON_LITERAL_NULL_CONVERSION = YES;
				CLANG_WARN_OBJC_IMPLICIT_RETAIN_SELF = YES;
				CLANG_WARN_OBJC_LITERAL_CONVERSION = YES;
				CLANG_WARN_OBJC_ROOT_CLASS = YES_ERROR;
				CLANG_WARN_QUOTED_INCLUDE_IN_FRAMEWORK_HEADER = YES;
				CLANG_WARN_RANGE_LOOP_ANALYSIS = YES;
				CLANG_WARN_STRICT_PROTOTYPES = YES;
				CLANG_WARN_SUSPICIOUS_MOVE = YES;
				CLANG_WARN_UNGUARDED_AVAILABILITY = YES_AGGRESSIVE;
				CLANG_WARN_UNREACHABLE_CODE = YES;
				CLANG_WARN__DUPLICATE_METHOD_MATCH = YES;
				COPY_PHASE_STRIP = NO;
				DEBUG_INFORMATION_FORMAT = dwarf;
				ENABLE_STRICT_OBJC_MSGSEND = YES;
				ENABLE_TESTABILITY = YES;
				ENABLE_USER_SCRIPT_SANDBOXING = YES;
				GCC_C_LANGUAGE_STANDARD = gnu17;
				GCC_DYNAMIC_NO_PIC = NO;
				GCC_NO_COMMON_BLOCKS = YES;
				GCC_OPTIMIZATION_LEVEL = 0;
				GCC_PREPROCESSOR_DEFINITIONS = (
					"DEBUG=1",
					"$(inherited)",
				);
				GCC_WARN_64_TO_32_BIT_CONVERSION = YES;
				GCC_WARN_ABOUT_RETURN_TYPE = YES_ERROR;
				GCC_WARN_UNDECLARED_SELECTOR = YES;
				GCC_WARN_UNINITIALIZED_AUTOS = YES_AGGRESSIVE;
				GCC_WARN_UNUSED_FUNCTION = YES;
				GCC_WARN_UNUSED_VARIABLE = YES;
				IPHONEOS_DEPLOYMENT_TARGET = 17.4;
				LOCALIZATION_PREFERS_STRING_CATALOGS = YES;
				MTL_ENABLE_DEBUG_INFO = INCLUDE_SOURCE;
				MTL_FAST_MATH = YES;
				ONLY_ACTIVE_ARCH = YES;
				SDKROOT = iphoneos;
				SWIFT_ACTIVE_COMPILATION_CONDITIONS = "DEBUG $(inherited)";
				SWIFT_OPTIMIZATION_LEVEL = "-Onone";
			};
			name = Debug;
		};
		A965119B2BC016FF00D3690B /* Release */ = {
			isa = XCBuildConfiguration;
			buildSettings = {
				ALWAYS_SEARCH_USER_PATHS = NO;
				ASSETCATALOG_COMPILER_GENERATE_SWIFT_ASSET_SYMBOL_EXTENSIONS = YES;
				CLANG_ANALYZER_NONNULL = YES;
				CLANG_ANALYZER_NUMBER_OBJECT_CONVERSION = YES_AGGRESSIVE;
				CLANG_CXX_LANGUAGE_STANDARD = "gnu++20";
				CLANG_ENABLE_MODULES = YES;
				CLANG_ENABLE_OBJC_ARC = YES;
				CLANG_ENABLE_OBJC_WEAK = YES;
				CLANG_WARN_BLOCK_CAPTURE_AUTORELEASING = YES;
				CLANG_WARN_BOOL_CONVERSION = YES;
				CLANG_WARN_COMMA = YES;
				CLANG_WARN_CONSTANT_CONVERSION = YES;
				CLANG_WARN_DEPRECATED_OBJC_IMPLEMENTATIONS = YES;
				CLANG_WARN_DIRECT_OBJC_ISA_USAGE = YES_ERROR;
				CLANG_WARN_DOCUMENTATION_COMMENTS = YES;
				CLANG_WARN_EMPTY_BODY = YES;
				CLANG_WARN_ENUM_CONVERSION = YES;
				CLANG_WARN_INFINITE_RECURSION = YES;
				CLANG_WARN_INT_CONVERSION = YES;
				CLANG_WARN_NON_LITERAL_NULL_CONVERSION = YES;
				CLANG_WARN_OBJC_IMPLICIT_RETAIN_SELF = YES;
				CLANG_WARN_OBJC_LITERAL_CONVERSION = YES;
				CLANG_WARN_OBJC_ROOT_CLASS = YES_ERROR;
				CLANG_WARN_QUOTED_INCLUDE_IN_FRAMEWORK_HEADER = YES;
				CLANG_WARN_RANGE_LOOP_ANALYSIS = YES;
				CLANG_WARN_STRICT_PROTOTYPES = YES;
				CLANG_WARN_SUSPICIOUS_MOVE = YES;
				CLANG_WARN_UNGUARDED_AVAILABILITY = YES_AGGRESSIVE;
				CLANG_WARN_UNREACHABLE_CODE = YES;
				CLANG_WARN__DUPLICATE_METHOD_MATCH = YES;
				COPY_PHASE_STRIP = NO;
				DEBUG_INFORMATION_FORMAT = "dwarf-with-dsym";
				ENABLE_NS_ASSERTIONS = NO;
				ENABLE_STRICT_OBJC_MSGSEND = YES;
				ENABLE_USER_SCRIPT_SANDBOXING = YES;
				GCC_C_LANGUAGE_STANDARD = gnu17;
				GCC_NO_COMMON_BLOCKS = YES;
				GCC_WARN_64_TO_32_BIT_CONVERSION = YES;
				GCC_WARN_ABOUT_RETURN_TYPE = YES_ERROR;
				GCC_WARN_UNDECLARED_SELECTOR = YES;
				GCC_WARN_UNINITIALIZED_AUTOS = YES_AGGRESSIVE;
				GCC_WARN_UNUSED_FUNCTION = YES;
				GCC_WARN_UNUSED_VARIABLE = YES;
				IPHONEOS_DEPLOYMENT_TARGET = 17.4;
				LOCALIZATION_PREFERS_STRING_CATALOGS = YES;
				MTL_ENABLE_DEBUG_INFO = NO;
				MTL_FAST_MATH = YES;
				SDKROOT = iphoneos;
				SWIFT_COMPILATION_MODE = wholemodule;
				VALIDATE_PRODUCT = YES;
			};
			name = Release;
		};
		A965119D2BC016FF00D3690B /* Debug */ = {
			isa = XCBuildConfiguration;
			buildSettings = {
				ASSETCATALOG_COMPILER_APPICON_NAME = AppIcon;
				ASSETCATALOG_COMPILER_GLOBAL_ACCENT_COLOR_NAME = AccentColor;
				CODE_SIGN_STYLE = Automatic;
				CURRENT_PROJECT_VERSION = 1;
				DEVELOPMENT_ASSET_PATHS = "\"SamaraGuide/Preview Content\"";
				DEVELOPMENT_TEAM = 8UQ67V2PHZ;
				ENABLE_PREVIEWS = YES;
				GENERATE_INFOPLIST_FILE = YES;
				INFOPLIST_KEY_CFBundleDisplayName = SamaraGuide;
				INFOPLIST_KEY_LSApplicationCategoryType = "public.app-category.travel";
				INFOPLIST_KEY_UIApplicationSceneManifest_Generation = YES;
				INFOPLIST_KEY_UIApplicationSupportsIndirectInputEvents = YES;
				INFOPLIST_KEY_UILaunchScreen_Generation = YES;
				INFOPLIST_KEY_UISupportedInterfaceOrientations_iPad = "UIInterfaceOrientationPortrait UIInterfaceOrientationPortraitUpsideDown UIInterfaceOrientationLandscapeLeft UIInterfaceOrientationLandscapeRight";
				INFOPLIST_KEY_UISupportedInterfaceOrientations_iPhone = "UIInterfaceOrientationPortrait UIInterfaceOrientationLandscapeLeft UIInterfaceOrientationLandscapeRight";
				IPHONEOS_DEPLOYMENT_TARGET = 15.0;
				LD_RUNPATH_SEARCH_PATHS = (
					"$(inherited)",
					"@executable_path/Frameworks",
				);
				MARKETING_VERSION = 1.0;
				PRODUCT_BUNDLE_IDENTIFIER = semvy.SamaraGuide;
				PRODUCT_NAME = "$(TARGET_NAME)";
				SWIFT_EMIT_LOC_STRINGS = YES;
				SWIFT_VERSION = 5.0;
				TARGETED_DEVICE_FAMILY = "1,2";
			};
			name = Debug;
		};
		A965119E2BC016FF00D3690B /* Release */ = {
			isa = XCBuildConfiguration;
			buildSettings = {
				ASSETCATALOG_COMPILER_APPICON_NAME = AppIcon;
				ASSETCATALOG_COMPILER_GLOBAL_ACCENT_COLOR_NAME = AccentColor;
				CODE_SIGN_STYLE = Automatic;
				CURRENT_PROJECT_VERSION = 1;
				DEVELOPMENT_ASSET_PATHS = "\"SamaraGuide/Preview Content\"";
				DEVELOPMENT_TEAM = 8UQ67V2PHZ;
				ENABLE_PREVIEWS = YES;
				GENERATE_INFOPLIST_FILE = YES;
				INFOPLIST_KEY_CFBundleDisplayName = SamaraGuide;
				INFOPLIST_KEY_LSApplicationCategoryType = "public.app-category.travel";
				INFOPLIST_KEY_UIApplicationSceneManifest_Generation = YES;
				INFOPLIST_KEY_UIApplicationSupportsIndirectInputEvents = YES;
				INFOPLIST_KEY_UILaunchScreen_Generation = YES;
				INFOPLIST_KEY_UISupportedInterfaceOrientations_iPad = "UIInterfaceOrientationPortrait UIInterfaceOrientationPortraitUpsideDown UIInterfaceOrientationLandscapeLeft UIInterfaceOrientationLandscapeRight";
				INFOPLIST_KEY_UISupportedInterfaceOrientations_iPhone = "UIInterfaceOrientationPortrait UIInterfaceOrientationLandscapeLeft UIInterfaceOrientationLandscapeRight";
				IPHONEOS_DEPLOYMENT_TARGET = 15.0;
				LD_RUNPATH_SEARCH_PATHS = (
					"$(inherited)",
					"@executable_path/Frameworks",
				);
				MARKETING_VERSION = 1.0;
				PRODUCT_BUNDLE_IDENTIFIER = semvy.SamaraGuide;
				PRODUCT_NAME = "$(TARGET_NAME)";
				SWIFT_EMIT_LOC_STRINGS = YES;
				SWIFT_VERSION = 5.0;
				TARGETED_DEVICE_FAMILY = "1,2";
			};
			name = Release;
		};
		A96511A02BC016FF00D3690B /* Debug */ = {
			isa = XCBuildConfiguration;
			buildSettings = {
				ALWAYS_EMBED_SWIFT_STANDARD_LIBRARIES = YES;
				BUNDLE_LOADER = "$(TEST_HOST)";
				CODE_SIGN_STYLE = Automatic;
				CURRENT_PROJECT_VERSION = 1;
				DEVELOPMENT_TEAM = 8UQ67V2PHZ;
				GENERATE_INFOPLIST_FILE = YES;
				IPHONEOS_DEPLOYMENT_TARGET = 17.4;
				MARKETING_VERSION = 1.0;
				PRODUCT_BUNDLE_IDENTIFIER = semvy.SamaraGuideTests;
				PRODUCT_NAME = "$(TARGET_NAME)";
				SWIFT_EMIT_LOC_STRINGS = NO;
				SWIFT_VERSION = 5.0;
				TARGETED_DEVICE_FAMILY = "1,2";
				TEST_HOST = "$(BUILT_PRODUCTS_DIR)/SamaraGuide.app/$(BUNDLE_EXECUTABLE_FOLDER_PATH)/SamaraGuide";
			};
			name = Debug;
		};
		A96511A12BC016FF00D3690B /* Release */ = {
			isa = XCBuildConfiguration;
			buildSettings = {
				ALWAYS_EMBED_SWIFT_STANDARD_LIBRARIES = YES;
				BUNDLE_LOADER = "$(TEST_HOST)";
				CODE_SIGN_STYLE = Automatic;
				CURRENT_PROJECT_VERSION = 1;
				DEVELOPMENT_TEAM = 8UQ67V2PHZ;
				GENERATE_INFOPLIST_FILE = YES;
				IPHONEOS_DEPLOYMENT_TARGET = 17.4;
				MARKETING_VERSION = 1.0;
				PRODUCT_BUNDLE_IDENTIFIER = semvy.SamaraGuideTests;
				PRODUCT_NAME = "$(TARGET_NAME)";
				SWIFT_EMIT_LOC_STRINGS = NO;
				SWIFT_VERSION = 5.0;
				TARGETED_DEVICE_FAMILY = "1,2";
				TEST_HOST = "$(BUILT_PRODUCTS_DIR)/SamaraGuide.app/$(BUNDLE_EXECUTABLE_FOLDER_PATH)/SamaraGuide";
			};
			name = Release;
		};
		A96511A32BC016FF00D3690B /* Debug */ = {
			isa = XCBuildConfiguration;
			buildSettings = {
				ALWAYS_EMBED_SWIFT_STANDARD_LIBRARIES = YES;
				CODE_SIGN_STYLE = Automatic;
				CURRENT_PROJECT_VERSION = 1;
				DEVELOPMENT_TEAM = 8UQ67V2PHZ;
				GENERATE_INFOPLIST_FILE = YES;
				MARKETING_VERSION = 1.0;
				PRODUCT_BUNDLE_IDENTIFIER = semvy.SamaraGuideUITests;
				PRODUCT_NAME = "$(TARGET_NAME)";
				SWIFT_EMIT_LOC_STRINGS = NO;
				SWIFT_VERSION = 5.0;
				TARGETED_DEVICE_FAMILY = "1,2";
				TEST_TARGET_NAME = SamaraGuide;
			};
			name = Debug;
		};
		A96511A42BC016FF00D3690B /* Release */ = {
			isa = XCBuildConfiguration;
			buildSettings = {
				ALWAYS_EMBED_SWIFT_STANDARD_LIBRARIES = YES;
				CODE_SIGN_STYLE = Automatic;
				CURRENT_PROJECT_VERSION = 1;
				DEVELOPMENT_TEAM = 8UQ67V2PHZ;
				GENERATE_INFOPLIST_FILE = YES;
				MARKETING_VERSION = 1.0;
				PRODUCT_BUNDLE_IDENTIFIER = semvy.SamaraGuideUITests;
				PRODUCT_NAME = "$(TARGET_NAME)";
				SWIFT_EMIT_LOC_STRINGS = NO;
				SWIFT_VERSION = 5.0;
				TARGETED_DEVICE_FAMILY = "1,2";
				TEST_TARGET_NAME = SamaraGuide;
			};
			name = Release;
		};
/* End XCBuildConfiguration section */

/* Begin XCConfigurationList section */
		A96511712BC016FD00D3690B /* Build configuration list for PBXProject "SamaraGuide" */ = {
			isa = XCConfigurationList;
			buildConfigurations = (
				A965119A2BC016FF00D3690B /* Debug */,
				A965119B2BC016FF00D3690B /* Release */,
			);
			defaultConfigurationIsVisible = 0;
			defaultConfigurationName = Release;
		};
		A965119C2BC016FF00D3690B /* Build configuration list for PBXNativeTarget "SamaraGuide" */ = {
			isa = XCConfigurationList;
			buildConfigurations = (
				A965119D2BC016FF00D3690B /* Debug */,
				A965119E2BC016FF00D3690B /* Release */,
			);
			defaultConfigurationIsVisible = 0;
			defaultConfigurationName = Release;
		};
		A965119F2BC016FF00D3690B /* Build configuration list for PBXNativeTarget "SamaraGuideTests" */ = {
			isa = XCConfigurationList;
			buildConfigurations = (
				A96511A02BC016FF00D3690B /* Debug */,
				A96511A12BC016FF00D3690B /* Release */,
			);
			defaultConfigurationIsVisible = 0;
			defaultConfigurationName = Release;
		};
		A96511A22BC016FF00D3690B /* Build configuration list for PBXNativeTarget "SamaraGuideUITests" */ = {
			isa = XCConfigurationList;
			buildConfigurations = (
				A96511A32BC016FF00D3690B /* Debug */,
				A96511A42BC016FF00D3690B /* Release */,
			);
			defaultConfigurationIsVisible = 0;
			defaultConfigurationName = Release;
		};
/* End XCConfigurationList section */

/* Begin XCRemoteSwiftPackageReference section */
		A951A3B42BCC3E9D0085B999 /* XCRemoteSwiftPackageReference "firebase-ios-sdk" */ = {
			isa = XCRemoteSwiftPackageReference;
			repositoryURL = "https://github.com/firebase/firebase-ios-sdk";
			requirement = {
				kind = upToNextMajorVersion;
				minimumVersion = 10.24.0;
			};
		};
/* End XCRemoteSwiftPackageReference section */

/* Begin XCSwiftPackageProductDependency section */
		A951A3B52BCC3E9D0085B999 /* FirebaseAuth */ = {
			isa = XCSwiftPackageProductDependency;
			package = A951A3B42BCC3E9D0085B999 /* XCRemoteSwiftPackageReference "firebase-ios-sdk" */;
			productName = FirebaseAuth;
		};
		A951A3B72BCC3E9D0085B999 /* FirebaseFirestore */ = {
			isa = XCSwiftPackageProductDependency;
			package = A951A3B42BCC3E9D0085B999 /* XCRemoteSwiftPackageReference "firebase-ios-sdk" */;
			productName = FirebaseFirestore;
		};
		A951A3B92BCC3E9D0085B999 /* FirebaseStorage */ = {
			isa = XCSwiftPackageProductDependency;
			package = A951A3B42BCC3E9D0085B999 /* XCRemoteSwiftPackageReference "firebase-ios-sdk" */;
			productName = FirebaseStorage;
		};
/* End XCSwiftPackageProductDependency section */
	};
	rootObject = A965116E2BC016FD00D3690B /* Project object */;
}
